# Resolved feed pins for revision r35533-3b2bc55dcb
# Regenerated by configure-sdk.sh. Columns: feed  url  commit
base	https://git.openwrt.org/openwrt/openwrt.git	3b2bc55dcb1bacc5f69fefac583e181c7ce73ce6
luci	https://git.openwrt.org/project/luci.git	96a255dbd96212b1c42cfbd0969425ab6528c8b2
packages	https://git.openwrt.org/feed/packages.git	81d81033e6a278663c6e0414f0ec07d37b1141bd
routing	https://git.openwrt.org/feed/routing.git	c7872431105f69894201dc522b7560e47d1e8ba9
telephony	https://git.openwrt.org/feed/telephony.git	5d68d53c160a325ea9d03fce393e051573bcc736
video	https://github.com/openwrt/video.git	a951381b6c58b9b1eb087f09c9a20cff4ffe8063
