# Resolved APK closure built from this repo. Regenerated by build-packages.sh.
# revision=r35591-d0110a25ed kernel=noarch-independent kernel_abi=noarch-independent
# feeds_lock_sha256=3e0a4e2d5d73a52e25f0c367f11d483dabfa6053353f804e6520292b3b7614af key_fingerprint=ccb879ececd19bde222c8d1b36ba529c2420d260e767305edea5397ff15e10f7
# columns: name  version  arch  sha256  source
h5000m-fm350	0.1.0-r1	noarch	6533626412db4485ebd6b720932961a5b69f1ace27a57ffe14892027622b7b34	custom
h5000m-lpac	0.1.0-r1	noarch	51ee9bc6d926997a11406cf3c379fee008025d2eaee4b14249d2771df24e9f3a	custom
h5000m-modem-atd	0.1.0-r1	noarch	28e06b796c02af35b9d3c176e1a987e8f796cb424645efecfcddb634b5367c21	custom
h5000m-mwan3-policy	0.1.0-r1	noarch	c8fe8fe68056b745e81ec1c0bfd8bc3c0e5cbfa60604a09406b67d79deb6681e	custom
h5000m-nikki-defaults	0.1.0-r1	noarch	cf4c4f16d968092b459c6329360a386336017b2e7caa564d9062aa4f59e10c98	custom
h5000m-sms	0.1.0-r1	noarch	7618efcc83cbbf6c4f441dfd47dbd6304d50d6e3b7301feaaf43a4f541bbcd72	custom
h5000m-sms-archive	0.1.0-r1	noarch	39ae40edfca32ccb286a47c7ecdccefec0fab3505e3273fdb7891922ff4c368a	custom
h5000m-tailscale-defaults	0.1.0-r1	noarch	e13f44a4b3c008503f93db464b8f595293ceb36753363c50d82497e59a0df699	custom
h5000m-travelmate-defaults	0.2.0-r1	noarch	79be6e0bc214e95008e6d9515913dbe775825b307826afd0a96e7d6eca35f286	custom
h5000m-ttl	0.1.0-r1	noarch	d0f261705007b12c26af15ab4e08e6432e303dd0a54d9ae659a6a299c3ec09fe	custom
luci-app-fm350	0.1.0-r1	noarch	f0b85f066d25067699e051de3b0078675286c47e38e649a51f3c3e0ed8ebc613	custom
luci-app-nikki	1.26.1-r1	noarch	157f72047b44fa4595dbcba06dd983bfc35dde9403f9991e73592ee72a0365e8	OpenWrt-nikki
luci-proto-fm350	0.1.0-r1	noarch	64c52c4fc5302556098becf3aeb0eba99d4e9ef6ed6a62877300c68391abadf0	custom
mihomo-meta	1.19.29	aarch64_cortex-a53	12e197f52f80da91004cbf86fd1f6b0a07709c4ded80e9594026fcfcafb8882d	OpenWrt-nikki
nikki	2026.04.08-r1	aarch64_cortex-a53	e399167feb86880f4d159b112a2ab61a59150b1b5d18cb0d46e96c5a719d70a8	OpenWrt-nikki
464xlat	13	aarch64_cortex-a53	4d659a5a78eb46e73735ab820d1ab492dc5ad98ef18e35d5d016b70c11456508	official
ipset	7.24-r1	aarch64_cortex-a53	eb9c8298ee9b037dd2c3590f8dce458f080ffa0011d0803603ef210fddbaf75a	official
iwinfo	2026.05.26~66bdd1a0-r1	aarch64_cortex-a53	d6e32581b7c8da2124fa094ba9fd414a4a25a77496d31f1c4e21fd72efe598ff	official
libipset13	7.24-r1	aarch64_cortex-a53	bb00f6335abaaa29562aa4f8692e8057ef7df7e5ee698f7d29bd5a261a316f42	official
rpcd-mod-rpcsys	2026.07.19~e37ed9d8-r1	aarch64_cortex-a53	22b4071388b2e15a7dbf3632c64c4afc3e7c3e8c6b189084fa53e7e665681225	official
wwan	2019.04.29-r7	aarch64_cortex-a53	fede0bb22b582a5bd19b1720de6946cdd8608d92ee40f2ebde195d2f8f67254c	official
kmod-dummy	6.18.39-r1	aarch64_cortex-a53	091ebc367fdcffc502d84cb2a2b7ae4dc360e754e819bd843725b69b73c01143	official
kmod-inet-diag	6.18.39-r1	aarch64_cortex-a53	1e0d17fca86be99f79880ce9485756d5503f3971ad2e28c78997295abeed70d9	official
kmod-ip6tables	6.18.39-r1	aarch64_cortex-a53	54bf2a2db7e6b216233ab311393e5d0c978036e303706ec2becf5dd13b1c31f4	official
kmod-ipt-conntrack	6.18.39-r1	aarch64_cortex-a53	bafe51bd980e27ab6d2274c3d1f50122dc9c75bd60912a19418bc472e237e831	official
kmod-ipt-conntrack-extra	6.18.39-r1	aarch64_cortex-a53	7d24a3798fbaaea4561d8aa4bf7c61107551b6d47cafe56b67893c4fff2b7fcf	official
kmod-ipt-core	6.18.39-r1	aarch64_cortex-a53	9666fe6e80f44d4bde88715fdfaa99d6f1a768a7626aa7a167c1b29bc3fd0d80	official
kmod-ipt-ipopt	6.18.39-r1	aarch64_cortex-a53	c8581044d9465a09a0c3759a4215a21b325e9fdff9ca247c9ea3cfc245dcb34d	official
kmod-ipt-ipset	6.18.39-r1	aarch64_cortex-a53	39eafd48d650e72582c1e0ea87d1344f8c3be3136df527c66518e88c844f637b	official
kmod-iptables	6.18.39-r1	aarch64_cortex-a53	b7276e9beab260262a67acd7fae3b223c9621f7a655576cad8c0aa4baf211ed1	official
kmod-mii	6.18.39-r1	aarch64_cortex-a53	56fb6baa68caa1b5ca6871f6e8c6ea03edc655d2962cee7b82a7a970b4ec8b80	official
kmod-nat46	6.18.39.2025.11.04~adb2f72e-r1	aarch64_cortex-a53	7c289db7b7209b8a35b8ae739a211038297ed6c87350f5fbbce25349b4178ffe	official
kmod-nf-conncount	6.18.39-r1	aarch64_cortex-a53	d3262a2f65e353448f82a9d89c64022bd85c9980d4cbb51e7ffd36b6e98a775c	official
kmod-nf-ipt	6.18.39-r1	aarch64_cortex-a53	9c2390df3bb89f96bd89f2d7458aa1e6859add825b577f1ae99de780e21b4c4a	official
kmod-nf-ipt6	6.18.39-r1	aarch64_cortex-a53	f68452e9a6e9adf9a26091739f3ed22098fd2c14e13fd518fb156e5b5485b625	official
kmod-nf-socket	6.18.39-r1	aarch64_cortex-a53	cf885feb687d7699871b44d7776da29cb29983a67033b5ab069bff59be2cead4	official
kmod-nf-tproxy	6.18.39-r1	aarch64_cortex-a53	94710fd866032f526010ad7d52eb7c3b32bf4a83e2da911241e051b8a0575371	official
kmod-nft-compat	6.18.39-r1	aarch64_cortex-a53	1bce6f4977915e61f6a5821044dcdfd54a6e9efe42b9c4512a1a4ca86ca7afbd	official
kmod-nft-socket	6.18.39-r1	aarch64_cortex-a53	8d5ee25d04fe1b42b62eb70245d408be033965c20f0e6d3794f253201f174fb8	official
kmod-nft-tproxy	6.18.39-r1	aarch64_cortex-a53	3937f87708404b7d8485c1311a27f271b3720e82551dfa3a95723922ef57f093	official
kmod-tun	6.18.39-r1	aarch64_cortex-a53	ea45f91d2b20c1b5a5b362bc9843e3acaa0744afcec86961e8cfc806e07202df	official
kmod-usb-net	6.18.39-r1	aarch64_cortex-a53	80fe48e21499e5688a17de4be9fa51eed7b8b56bc7c342c7e674f969afa31e97	official
kmod-usb-net-cdc-ether	6.18.39-r1	aarch64_cortex-a53	f81c963e9124fbb5752093b731e402711fdc44f69386a1832825f3275fadfc4c	official
kmod-usb-net-qmi-wwan	6.18.39-r1	aarch64_cortex-a53	f1c7dbee48e30ca4adfc0e8fc9a43dbe763c3c37e7a33c38e279ec3ae51cd0f7	official
kmod-usb-net-rndis	6.18.39-r1	aarch64_cortex-a53	9ae996d5705bd38e0c8549ed5ba9ab55504e2120dacc4bee4f4c2c6ede60d56d	official
kmod-usb-serial	6.18.39-r1	aarch64_cortex-a53	fcb457e2a030bef757f25b316e7d8fca0bb823067a3b2ec953158293cad79401	official
kmod-usb-serial-option	6.18.39-r1	aarch64_cortex-a53	6b108edb29219b3629cf61447805a3fa209cecf7903f0e6f6b153bf470dd88f5	official
kmod-usb-serial-wwan	6.18.39-r1	aarch64_cortex-a53	008792848c38d6be1ac5f294d1bd3f7b84bacfd1feff5e608bcd089054763bb1	official
kmod-usb-wdm	6.18.39-r1	aarch64_cortex-a53	862fbeba79ff388951133fad13544b5cdd8bee5302a5e2dabf85e8744343c84c	official
luci-app-mwan3	26.210.61729~a3cc0e1	noarch	b0912b06b5058c6466c65b37485e4df60a134bd9e9c60f15854bec1d8eed528a	official
luci-app-tailscale-community	26.210.61729~a3cc0e1	noarch	40f17478a80f89f5b049494c9f86c76025fe1cdd3636da591d033fc1d2e2222a	official
luci-app-travelmate	2.4.6-r3	noarch	8e4753f30c72ce99551f6c6bd2ecb44722c8041e827dab6db43cc6c02a8ab5c8	official
coreutils	9.11-r1	aarch64_cortex-a53	4dbdf587b6c995c3ead8460822b8fc4a31aeae57422fd7c7300ea7d107d8e824	official
coreutils-stty	9.11-r1	aarch64_cortex-a53	e753278069ff2eeb830ef5eb70954ba0b3ab2542e813ff6f02ac45f8c44800df	official
glib2	2.88.1-r1	aarch64_cortex-a53	9cd533d379701d71c3f56295477b04474f7895dccd387ef95fda8a5eff17e547	official
glib2-core	2.88.1-r1	aarch64_cortex-a53	0db4b6c199f20390af8c276dddd5f9fd9585ad39778bab5f9a6dbd660ec33a65	official
glib2-gio	2.88.1-r1	aarch64_cortex-a53	5370e44dd42382b0aa4990a22b334beb327f4d53c9e430d55a250350a9c802ae	official
glib2-gmodule	2.88.1-r1	aarch64_cortex-a53	b7b6eebae45cacde8bbb37751b1abfcb3350809067532414a0e209dcd4e84da6	official
glib2-gobject	2.88.1-r1	aarch64_cortex-a53	8e3482d8225b7ed0e59d9c8ada9c913385a677994204b1440606e788c1f4d639	official
glib2-gthread	2.88.1-r1	aarch64_cortex-a53	2d753c90d9b534d6c5fd2f3ce93ba765c78a7dd4fa9ee3bc927f0dc0a1ad0ab8	official
libffi	3.4.7-r1	aarch64_cortex-a53	0a8c45c4caa1b1cca0e5aec7d5575276bb3e7330253dff7eaf16a53d48759d73	official
libmbim	1.32.0-r1	aarch64_cortex-a53	df45f318e868d21ddb388dfef3ddf704c0a6f54bce545e328d9b61eb37e5c244	official
libpcsclite	2.5.0-r1	aarch64_cortex-a53	66dfea0fd8b3419520def4da3d8c0943e11aa49c4fbef29517b08a5e762bebef	official
lpac	2.3.0-r2	aarch64_cortex-a53	0c2ece7021791622715202c1658c238192fa4595a61ab9182b48906965d350cb	official
mwan3	2.12.2-r1	noarch	e8e0369a7767c59396f4221e504f553807713b70da7b4de0f444b5594ce79323	official
pcscd	2.5.0-r1	aarch64_cortex-a53	1319427d1dcec679b4e46a4a2d3a780b2f3638d33bf559180ac57fdad223fe4d	official
sms-tool	2025.08.23~491ffdb0-r1	aarch64_cortex-a53	8918ca0c0437e2d464e69e6254344c16e3c45e8eba31d20efc9fe4edcd4b3dfa	official
tailscale	1.98.3-r1	aarch64_cortex-a53	7c4a3503203cce6f4054a6f1265a909eb269e486c9baf7484b8acd3e7892200d	official
travelmate	2.4.6-r3	noarch	73f0656c78ba3779776c9a85a9ef3de77029bb951e2b5ed86b47fd8a40d47619	official
yq	4.53.3-r2	aarch64_cortex-a53	1ecdb8a82870215a86554501bea8d4482e593f94e7131d433c202224945f8fa5	official
ip6tables-nft	1.8.10-r3	aarch64_cortex-a53	bdbc02e9cdae4311506c61edc66181b8cc7f4b83d74b8eefc0b7ec18ad73a88a	official
iptables-mod-conntrack-extra	1.8.10-r3	aarch64_cortex-a53	c17e7cf9a311c8900ae1a8fcc505591c9b9ec247b795e3c28758b5be3cfbcf57	official
iptables-mod-ipopt	1.8.10-r3	aarch64_cortex-a53	9717ecec087de97e8306e6b8d01b62a6ec7af9f49fcd8097fd430aa1969e4a35	official
iptables-nft	1.8.10-r3	aarch64_cortex-a53	cf80bd8741b08c7ee9a2e3de9ea2c30ca9f855edd64a603e06ec428f0a3810fe	official
libiptext-nft0	1.8.10-r3	aarch64_cortex-a53	8303f82bfa7e91c0ed7ce06ed977854f1871972cf4b1a4af7402d666fca81f85	official
libiptext0	1.8.10-r3	aarch64_cortex-a53	b6ec7e33bacc784d2d2fcb2dff5113472f56dcc41ba7cfd4ccae996330a36a74	official
libiptext6-0	1.8.10-r3	aarch64_cortex-a53	93799c8a4972a1eec31463d908908014a10a450054de11b79f2ae8ae40f52b21	official
libxtables12	1.8.10-r3	aarch64_cortex-a53	5c4cae011d0f944c0b4b20c89b94a3026655647d64bb6ae99cdc2515c21e54c4	official
uqmi	2025.07.30~7914da43-r2	aarch64_cortex-a53	f1048f4f1165afdf9355a551b27998252398665bf8a28859decf4692c641b6ba	official
xtables-nft	1.8.10-r3	aarch64_cortex-a53	7ff849c1a234f20c17b60fb53e6db88398f39a288b1d6b4c5956bf4ad6d4172c	official
