# Resolved APK closure built from this repo. Regenerated by build-packages.sh.
# revision=r35533-3b2bc55dcb kernel=noarch-independent kernel_abi=noarch-independent
# feeds_lock_sha256=71cef5b7ad2ff861b935e60ab9c9ea46c9dfa64f821b86b60fd7fb796ae35e2c key_fingerprint=ccb879ececd19bde222c8d1b36ba529c2420d260e767305edea5397ff15e10f7
# columns: name  version  arch  sha256  source
h5000m-travelmate-defaults	0.1.0-r1	noarch	ad361d75b38332a8a1697b4d0786205a06a516aa6b4f4974496a1073ecc7884c	custom
iwinfo	2026.05.26~66bdd1a0-r1	aarch64_cortex-a53	d6e32581b7c8da2124fa094ba9fd414a4a25a77496d31f1c4e21fd72efe598ff	official
rpcd-mod-rpcsys	2026.07.19~e37ed9d8-r1	aarch64_cortex-a53	22b4071388b2e15a7dbf3632c64c4afc3e7c3e8c6b189084fa53e7e665681225	official
luci-app-travelmate	2.4.6-r3	noarch	8e4753f30c72ce99551f6c6bd2ecb44722c8041e827dab6db43cc6c02a8ab5c8	official
travelmate	2.4.6-r2	noarch	a02e09426bea2c689b87de3db83fe86a8a721b5541d6bc4657b797854effe9cf	official
