# Resolved APK closure built from this repo. Regenerated by build-packages.sh.
# revision=r35533-3b2bc55dcb kernel=6.18.39 kernel_abi=38ca7baf52c71e940d7f3ce0e127bcc9
# feeds_lock_sha256=71cef5b7ad2ff861b935e60ab9c9ea46c9dfa64f821b86b60fd7fb796ae35e2c key_fingerprint=ccb879ececd19bde222c8d1b36ba529c2420d260e767305edea5397ff15e10f7
# columns: name  version  arch  sha256  source
h5000m-fm350	0.1.0-r1	noarch	e50bcd836869899469f89b3112abf3b22752b3e6facf8e84cd1b42d0017f4ce9	custom
h5000m-lpac	0.1.0-r1	noarch	18adb57cc8eb017894eb79bec6e9928993d5caa463540801a1cb7322b075f951	custom
h5000m-modem-atd	0.1.0-r1	noarch	77e2948038fc56ba06e63b5cc2c81fb8ada82b5846c87d9a54fb331e7af4104e	custom
h5000m-mwan3-policy	0.1.0-r1	noarch	153b300a08505b66f5ecfa5f88dfb1d643257f6af52073ccab3a469e89d982c5	custom
h5000m-tailscale-defaults	0.1.0-r1	noarch	b1ccfd5e5abcd7740fe8984b284ddbb6735b3bf6d6f18df5776641a0017d9181	custom
h5000m-travelmate-defaults	0.2.0-r1	noarch	6b6a5e9c1cc9eccbad0b8277ad6b2c4f1aa84898550bfc9dad0bba7e19b51cb3	custom
464xlat	13	aarch64_cortex-a53	4d659a5a78eb46e73735ab820d1ab492dc5ad98ef18e35d5d016b70c11456508	official
kmod-mii	6.18.39-r1	aarch64_cortex-a53	6c3f4e503fc18328d6ec4bb7fd7911c7bcfc3d94ded8b35cbf6a576679002771	official
kmod-nat46	6.18.39.2025.11.04~adb2f72e-r1	aarch64_cortex-a53	a917b32c0fbe2c39d0a92ccd9a62f9d8c43803112d59cb8457d78546e97904be	official
kmod-usb-net	6.18.39-r1	aarch64_cortex-a53	b5e9e945a1884e8572677f6bada6d2725f3b9b9c499f27036a11d6b307bfa908	official
kmod-usb-net-cdc-ether	6.18.39-r1	aarch64_cortex-a53	cd22eeb727208b31bc20e8a8d689b5d37f215119859e97b44ef865aae720e3ee	official
kmod-usb-net-rndis	6.18.39-r1	aarch64_cortex-a53	abedbc9a4d7d794bda3787c066020e82968188bc50ce6a469b1fd7f6e24eb699	official
kmod-usb-serial	6.18.39-r1	aarch64_cortex-a53	d3e96d176e81d8fc2b224d0e2cf0065a1ea516ee5127398363341e95b4bdb288	official
kmod-usb-serial-option	6.18.39-r1	aarch64_cortex-a53	0ca13d35ddeb11503cab9973152f25dd8b11d0101f2f0c4954c06d4737c25779	official
kmod-usb-serial-wwan	6.18.39-r1	aarch64_cortex-a53	8ceb52f9a341587a8a03275ef490c8ecb3589924bfff11d37eb694bd90dd1dba	official
coreutils	9.11-r1	aarch64_cortex-a53	4dbdf587b6c995c3ead8460822b8fc4a31aeae57422fd7c7300ea7d107d8e824	official
coreutils-stty	9.11-r1	aarch64_cortex-a53	e753278069ff2eeb830ef5eb70954ba0b3ab2542e813ff6f02ac45f8c44800df	official
